
Microsoft Visual Studio Solution File, Format Version 12.00
# Visual Studio Version 16
VisualStudioVersion = 16.0.31025.218
MinimumVisualStudioVersion = 10.0.40219.1
Project("{2150E333-8FDC-42A3-9474-1A3956D46DE8}") = "01 - Apresentacao", "01 - Apresentacao", "{4A2605E2-8AE5-46D8-8D0D-B2FB9574D6D3}"
EndProject
Project("{2150E333-8FDC-42A3-9474-1A3956D46DE8}") = "02 - Dominio", "02 - Dominio", "{B805D2C3-3558-463B-B06F-25BFF5CFD90A}"
EndProject
Project("{2150E333-8FDC-42A3-9474-1A3956D46DE8}") = "03 - Testes", "03 - Testes", "{E9ADE63C-610F-4F0A-AB2A-FF17853CB1CD}"
EndProject
Project("{2150E333-8FDC-42A3-9474-1A3956D46DE8}") = "03.1 - Testes Dominio", "03.1 - Testes Dominio", "{00B9E659-DF89-4EF1-BFEB-DB277D03ED28}"
EndProject
Project("{FAE04EC0-301F-11D3-BF4B-00C04F79EFBC}") = "BancoFacec.Dominio", "BancoFacec.Dominio\BancoFacec.Dominio.csproj", "{4C289043-2946-4315-8956-48E312990FA0}"
EndProject
Project("{FAE04EC0-301F-11D3-BF4B-00C04F79EFBC}") = "BancoFacec.AppConsole", "BancoFacec.AppConsole\BancoFacec.AppConsole.csproj", "{E69E699C-10D6-4DD1-85AE-D561376D62F6}"
EndProject
Project("{FAE04EC0-301F-11D3-BF4B-00C04F79EFBC}") = "BancoFacec.Testes.Dominio", "BancoFacec.Testes.Dominio\BancoFacec.Testes.Dominio.csproj", "{A72D5E91-9D12-4137-A0B1-0AA9927FA6E8}"
EndProject
Global
	GlobalSection(SolutionConfigurationPlatforms) = preSolution
		Debug|Any CPU = Debug|Any CPU
		Release|Any CPU = Release|Any CPU
	EndGlobalSection
	GlobalSection(ProjectConfigurationPlatforms) = postSolution
		{4C289043-2946-4315-8956-48E312990FA0}.Debug|Any CPU.ActiveCfg = Debug|Any CPU
		{4C289043-2946-4315-8956-48E312990FA0}.Debug|Any CPU.Build.0 = Debug|Any CPU
		{4C289043-2946-4315-8956-48E312990FA0}.Release|Any CPU.ActiveCfg = Release|Any CPU
		{4C289043-2946-4315-8956-48E312990FA0}.Release|Any CPU.Build.0 = Release|Any CPU
		{E69E699C-10D6-4DD1-85AE-D561376D62F6}.Debug|Any CPU.ActiveCfg = Debug|Any CPU
		{E69E699C-10D6-4DD1-85AE-D561376D62F6}.Debug|Any CPU.Build.0 = Debug|Any CPU
		{E69E699C-10D6-4DD1-85AE-D561376D62F6}.Release|Any CPU.ActiveCfg = Release|Any CPU
		{E69E699C-10D6-4DD1-85AE-D561376D62F6}.Release|Any CPU.Build.0 = Release|Any CPU
		{A72D5E91-9D12-4137-A0B1-0AA9927FA6E8}.Debug|Any CPU.ActiveCfg = Debug|Any CPU
		{A72D5E91-9D12-4137-A0B1-0AA9927FA6E8}.Debug|Any CPU.Build.0 = Debug|Any CPU
		{A72D5E91-9D12-4137-A0B1-0AA9927FA6E8}.Release|Any CPU.ActiveCfg = Release|Any CPU
		{A72D5E91-9D12-4137-A0B1-0AA9927FA6E8}.Release|Any CPU.Build.0 = Release|Any CPU
	EndGlobalSection
	GlobalSection(SolutionProperties) = preSolution
		HideSolutionNode = FALSE
	EndGlobalSection
	GlobalSection(NestedProjects) = preSolution
		{00B9E659-DF89-4EF1-BFEB-DB277D03ED28} = {E9ADE63C-610F-4F0A-AB2A-FF17853CB1CD}
		{4C289043-2946-4315-8956-48E312990FA0} = {B805D2C3-3558-463B-B06F-25BFF5CFD90A}
		{E69E699C-10D6-4DD1-85AE-D561376D62F6} = {4A2605E2-8AE5-46D8-8D0D-B2FB9574D6D3}
		{A72D5E91-9D12-4137-A0B1-0AA9927FA6E8} = {00B9E659-DF89-4EF1-BFEB-DB277D03ED28}
	EndGlobalSection
	GlobalSection(ExtensibilityGlobals) = postSolution
		SolutionGuid = {23283698-4D7A-47C0-9C6B-C735237F14AC}
	EndGlobalSection
EndGlobal
